// !$*UTF8*$!
{
	archiveVersion = 1;
	classes = {
	};
	objectVersion = 56;
	objects = {

/* Begin PBXBuildFile section */
		8526E6D6293692BC007469E8 /* ViewControl.swift in Sources */ = {isa = PBXBuildFile; fileRef = 8526E6D5293692BC007469E8 /* ViewControl.swift */; };
		8526E6D8293699E5007469E8 /* UserPage.swift in Sources */ = {isa = PBXBuildFile; fileRef = 8526E6D7293699E5007469E8 /* UserPage.swift */; };
		8527AA08294051D4008D50E6 /* Leaderboard.swift in Sources */ = {isa = PBXBuildFile; fileRef = 8527AA07294051D4008D50E6 /* Leaderboard.swift */; };
		852E76182943B67A00BF7FFA /* user.swift in Sources */ = {isa = PBXBuildFile; fileRef = 852E76172943B67A00BF7FFA /* user.swift */; };
		8534C7A6294823AF00DF385F /* Singin.swift in Sources */ = {isa = PBXBuildFile; fileRef = 8534C7A5294823AF00DF385F /* Singin.swift */; };
		85F926A829185F8000E19310 /* Carbon_CrushersApp.swift in Sources */ = {isa = PBXBuildFile; fileRef = 85F926A729185F8000E19310 /* Carbon_CrushersApp.swift */; };
		85F926AA29185F8000E19310 /* Login.swift in Sources */ = {isa = PBXBuildFile; fileRef = 85F926A929185F8000E19310 /* Login.swift */; };
		85F926AC29185F8300E19310 /* Assets.xcassets in Resources */ = {isa = PBXBuildFile; fileRef = 85F926AB29185F8300E19310 /* Assets.xcassets */; };
		85F926B029185F8300E19310 /* Preview Assets.xcassets in Resources */ = {isa = PBXBuildFile; fileRef = 85F926AF29185F8300E19310 /* Preview Assets.xcassets */; };
		85F926BA29185F8300E19310 /* Carbon_CrushersTests.swift in Sources */ = {isa = PBXBuildFile; fileRef = 85F926B929185F8300E19310 /* Carbon_CrushersTests.swift */; };
		85F926C429185F8300E19310 /* Carbon_CrushersUITests.swift in Sources */ = {isa = PBXBuildFile; fileRef = 85F926C329185F8300E19310 /* Carbon_CrushersUITests.swift */; };
		85F926C629185F8300E19310 /* Carbon_CrushersUITestsLaunchTests.swift in Sources */ = {isa = PBXBuildFile; fileRef = 85F926C529185F8300E19310 /* Carbon_CrushersUITestsLaunchTests.swift */; };
		85F926D729196B0D00E19310 /* CreateAccount.swift in Sources */ = {isa = PBXBuildFile; fileRef = 85F926D629196B0D00E19310 /* CreateAccount.swift */; };
		85F926D929196E5100E19310 /* HomeScreen.swift in Sources */ = {isa = PBXBuildFile; fileRef = 85F926D829196E5100E19310 /* HomeScreen.swift */; };
		85F926DB291BA34500E19310 /* ChartScreen.swift in Sources */ = {isa = PBXBuildFile; fileRef = 85F926DA291BA34500E19310 /* ChartScreen.swift */; };
		85F926DD2922E26E00E19310 /* home.png in Resources */ = {isa = PBXBuildFile; fileRef = 85F926DC2922E26E00E19310 /* home.png */; };
		85F926E32922ECDD00E19310 /* Images.xcassets in Resources */ = {isa = PBXBuildFile; fileRef = 85F926E22922ECDD00E19310 /* Images.xcassets */; };
		85F926E72922F5D600E19310 /* Logo.swift in Sources */ = {isa = PBXBuildFile; fileRef = 85F926E62922F5D600E19310 /* Logo.swift */; };
		85F926E9292432AC00E19310 /* ActivityScreen.swift in Sources */ = {isa = PBXBuildFile; fileRef = 85F926E8292432AC00E19310 /* ActivityScreen.swift */; };
/* End PBXBuildFile section */

/* Begin PBXContainerItemProxy section */
		85F926B629185F8300E19310 /* PBXContainerItemProxy */ = {
			isa = PBXContainerItemProxy;
			containerPortal = 85F9269C29185F8000E19310 /* Project object */;
			proxyType = 1;
			remoteGlobalIDString = 85F926A329185F8000E19310;
			remoteInfo = "Carbon Crushers";
		};
		85F926C029185F8300E19310 /* PBXContainerItemProxy */ = {
			isa = PBXContainerItemProxy;
			containerPortal = 85F9269C29185F8000E19310 /* Project object */;
			proxyType = 1;
			remoteGlobalIDString = 85F926A329185F8000E19310;
			remoteInfo = "Carbon Crushers";
		};
/* End PBXContainerItemProxy section */

/* Begin PBXFileReference section */
		8526E6D5293692BC007469E8 /* ViewControl.swift */ = {isa = PBXFileReference; lastKnownFileType = sourcecode.swift; path = ViewControl.swift; sourceTree = "<group>"; };
		8526E6D7293699E5007469E8 /* UserPage.swift */ = {isa = PBXFileReference; lastKnownFileType = sourcecode.swift; path = UserPage.swift; sourceTree = "<group>"; };
		8527AA07294051D4008D50E6 /* Leaderboard.swift */ = {isa = PBXFileReference; lastKnownFileType = sourcecode.swift; path = Leaderboard.swift; sourceTree = "<group>"; };
		852E76172943B67A00BF7FFA /* user.swift */ = {isa = PBXFileReference; lastKnownFileType = sourcecode.swift; path = user.swift; sourceTree = "<group>"; };
		8534C7A5294823AF00DF385F /* Singin.swift */ = {isa = PBXFileReference; lastKnownFileType = sourcecode.swift; path = Singin.swift; sourceTree = "<group>"; };
		85F926A429185F8000E19310 /* Carbon Crushers.app */ = {isa = PBXFileReference; explicitFileType = wrapper.application; includeInIndex = 0; path = "Carbon Crushers.app"; sourceTree = BUILT_PRODUCTS_DIR; };
		85F926A729185F8000E19310 /* Carbon_CrushersApp.swift */ = {isa = PBXFileReference; lastKnownFileType = sourcecode.swift; path = Carbon_CrushersApp.swift; sourceTree = "<group>"; };
		85F926A929185F8000E19310 /* Login.swift */ = {isa = PBXFileReference; lastKnownFileType = sourcecode.swift; path = Login.swift; sourceTree = "<group>"; };
		85F926AB29185F8300E19310 /* Assets.xcassets */ = {isa = PBXFileReference; lastKnownFileType = folder.assetcatalog; path = Assets.xcassets; sourceTree = "<group>"; };
		85F926AD29185F8300E19310 /* Carbon_Crushers.entitlements */ = {isa = PBXFileReference; lastKnownFileType = text.plist.entitlements; path = Carbon_Crushers.entitlements; sourceTree = "<group>"; };
		85F926AF29185F8300E19310 /* Preview Assets.xcassets */ = {isa = PBXFileReference; lastKnownFileType = folder.assetcatalog; path = "Preview Assets.xcassets"; sourceTree = "<group>"; };
		85F926B529185F8300E19310 /* Carbon CrushersTests.xctest */ = {isa = PBXFileReference; explicitFileType = wrapper.cfbundle; includeInIndex = 0; path = "Carbon CrushersTests.xctest"; sourceTree = BUILT_PRODUCTS_DIR; };
		85F926B929185F8300E19310 /* Carbon_CrushersTests.swift */ = {isa = PBXFileReference; lastKnownFileType = sourcecode.swift; path = Carbon_CrushersTests.swift; sourceTree = "<group>"; };
		85F926BF29185F8300E19310 /* Carbon CrushersUITests.xctest */ = {isa = PBXFileReference; explicitFileType = wrapper.cfbundle; includeInIndex = 0; path = "Carbon CrushersUITests.xctest"; sourceTree = BUILT_PRODUCTS_DIR; };
		85F926C329185F8300E19310 /* Carbon_CrushersUITests.swift */ = {isa = PBXFileReference; lastKnownFileType = sourcecode.swift; path = Carbon_CrushersUITests.swift; sourceTree = "<group>"; };
		85F926C529185F8300E19310 /* Carbon_CrushersUITestsLaunchTests.swift */ = {isa = PBXFileReference; lastKnownFileType = sourcecode.swift; path = Carbon_CrushersUITestsLaunchTests.swift; sourceTree = "<group>"; };
		85F926D629196B0D00E19310 /* CreateAccount.swift */ = {isa = PBXFileReference; lastKnownFileType = sourcecode.swift; path = CreateAccount.swift; sourceTree = "<group>"; };
		85F926D829196E5100E19310 /* HomeScreen.swift */ = {isa = PBXFileReference; lastKnownFileType = sourcecode.swift; path = HomeScreen.swift; sourceTree = "<group>"; };
		85F926DA291BA34500E19310 /* ChartScreen.swift */ = {isa = PBXFileReference; lastKnownFileType = sourcecode.swift; path = ChartScreen.swift; sourceTree = "<group>"; };
		85F926DC2922E26E00E19310 /* home.png */ = {isa = PBXFileReference; lastKnownFileType = image.png; path = home.png; sourceTree = "<group>"; };
		85F926E22922ECDD00E19310 /* Images.xcassets */ = {isa = PBXFileReference; lastKnownFileType = folder.assetcatalog; path = Images.xcassets; sourceTree = "<group>"; };
		85F926E62922F5D600E19310 /* Logo.swift */ = {isa = PBXFileReference; lastKnownFileType = sourcecode.swift; path = Logo.swift; sourceTree = "<group>"; };
		85F926E8292432AC00E19310 /* ActivityScreen.swift */ = {isa = PBXFileReference; lastKnownFileType = sourcecode.swift; path = ActivityScreen.swift; sourceTree = "<group>"; };
/* End PBXFileReference section */

/* Begin PBXFrameworksBuildPhase section */
		85F926A129185F8000E19310 /* Frameworks */ = {
			isa = PBXFrameworksBuildPhase;
			buildActionMask = 2147483647;
			files = (
			);
			runOnlyForDeploymentPostprocessing = 0;
		};
		85F926B229185F8300E19310 /* Frameworks */ = {
			isa = PBXFrameworksBuildPhase;
			buildActionMask = 2147483647;
			files = (
			);
			runOnlyForDeploymentPostprocessing = 0;
		};
		85F926BC29185F8300E19310 /* Frameworks */ = {
			isa = PBXFrameworksBuildPhase;
			buildActionMask = 2147483647;
			files = (
			);
			runOnlyForDeploymentPostprocessing = 0;
		};
/* End PBXFrameworksBuildPhase section */

/* Begin PBXGroup section */
		85F9269B29185F8000E19310 = {
			isa = PBXGroup;
			children = (
				85F926A629185F8000E19310 /* Carbon Crushers */,
				85F926B829185F8300E19310 /* Carbon CrushersTests */,
				85F926C229185F8300E19310 /* Carbon CrushersUITests */,
				85F926A529185F8000E19310 /* Products */,
			);
			sourceTree = "<group>";
		};
		85F926A529185F8000E19310 /* Products */ = {
			isa = PBXGroup;
			children = (
				85F926A429185F8000E19310 /* Carbon Crushers.app */,
				85F926B529185F8300E19310 /* Carbon CrushersTests.xctest */,
				85F926BF29185F8300E19310 /* Carbon CrushersUITests.xctest */,
			);
			name = Products;
			sourceTree = "<group>";
		};
		85F926A629185F8000E19310 /* Carbon Crushers */ = {
			isa = PBXGroup;
			children = (
				8534C7A5294823AF00DF385F /* Singin.swift */,
				852E76172943B67A00BF7FFA /* user.swift */,
				85F926A729185F8000E19310 /* Carbon_CrushersApp.swift */,
				8526E6D5293692BC007469E8 /* ViewControl.swift */,
				8527AA07294051D4008D50E6 /* Leaderboard.swift */,
				8526E6D7293699E5007469E8 /* UserPage.swift */,
				85F926E62922F5D600E19310 /* Logo.swift */,
				85F926A929185F8000E19310 /* Login.swift */,
				85F926D629196B0D00E19310 /* CreateAccount.swift */,
				85F926D829196E5100E19310 /* HomeScreen.swift */,
				85F926E8292432AC00E19310 /* ActivityScreen.swift */,
				85F926DA291BA34500E19310 /* ChartScreen.swift */,
				85F926AB29185F8300E19310 /* Assets.xcassets */,
				85F926AD29185F8300E19310 /* Carbon_Crushers.entitlements */,
				85F926E22922ECDD00E19310 /* Images.xcassets */,
				85F926AE29185F8300E19310 /* Preview Content */,
			);
			path = "Carbon Crushers";
			sourceTree = "<group>";
		};
		85F926AE29185F8300E19310 /* Preview Content */ = {
			isa = PBXGroup;
			children = (
				85F926AF29185F8300E19310 /* Preview Assets.xcassets */,
			);
			path = "Preview Content";
			sourceTree = "<group>";
		};
		85F926B829185F8300E19310 /* Carbon CrushersTests */ = {
			isa = PBXGroup;
			children = (
				85F926B929185F8300E19310 /* Carbon_CrushersTests.swift */,
			);
			path = "Carbon CrushersTests";
			sourceTree = "<group>";
		};
		85F926C229185F8300E19310 /* Carbon CrushersUITests */ = {
			isa = PBXGroup;
			children = (
				85F926DC2922E26E00E19310 /* home.png */,
				85F926C329185F8300E19310 /* Carbon_CrushersUITests.swift */,
				85F926C529185F8300E19310 /* Carbon_CrushersUITestsLaunchTests.swift */,
			);
			path = "Carbon CrushersUITests";
			sourceTree = "<group>";
		};
/* End PBXGroup section */

/* Begin PBXNativeTarget section */
		85F926A329185F8000E19310 /* Carbon Crushers */ = {
			isa = PBXNativeTarget;
			buildConfigurationList = 85F926C929185F8300E19310 /* Build configuration list for PBXNativeTarget "Carbon Crushers" */;
			buildPhases = (
				85F926A029185F8000E19310 /* Sources */,
				85F926A129185F8000E19310 /* Frameworks */,
				85F926A229185F8000E19310 /* Resources */,
			);
			buildRules = (
			);
			dependencies = (
			);
			name = "Carbon Crushers";
			productName = "Carbon Crushers";
			productReference = 85F926A429185F8000E19310 /* Carbon Crushers.app */;
			productType = "com.apple.product-type.application";
		};
		85F926B429185F8300E19310 /* Carbon CrushersTests */ = {
			isa = PBXNativeTarget;
			buildConfigurationList = 85F926CC29185F8300E19310 /* Build configuration list for PBXNativeTarget "Carbon CrushersTests" */;
			buildPhases = (
				85F926B129185F8300E19310 /* Sources */,
				85F926B229185F8300E19310 /* Frameworks */,
				85F926B329185F8300E19310 /* Resources */,
			);
			buildRules = (
			);
			dependencies = (
				85F926B729185F8300E19310 /* PBXTargetDependency */,
			);
			name = "Carbon CrushersTests";
			productName = "Carbon CrushersTests";
			productReference = 85F926B529185F8300E19310 /* Carbon CrushersTests.xctest */;
			productType = "com.apple.product-type.bundle.unit-test";
		};
		85F926BE29185F8300E19310 /* Carbon CrushersUITests */ = {
			isa = PBXNativeTarget;
			buildConfigurationList = 85F926CF29185F8300E19310 /* Build configuration list for PBXNativeTarget "Carbon CrushersUITests" */;
			buildPhases = (
				85F926BB29185F8300E19310 /* Sources */,
				85F926BC29185F8300E19310 /* Frameworks */,
				85F926BD29185F8300E19310 /* Resources */,
			);
			buildRules = (
			);
			dependencies = (
				85F926C129185F8300E19310 /* PBXTargetDependency */,
			);
			name = "Carbon CrushersUITests";
			productName = "Carbon CrushersUITests";
			productReference = 85F926BF29185F8300E19310 /* Carbon CrushersUITests.xctest */;
			productType = "com.apple.product-type.bundle.ui-testing";
		};
/* End PBXNativeTarget section */

/* Begin PBXProject section */
		85F9269C29185F8000E19310 /* Project object */ = {
			isa = PBXProject;
			attributes = {
				BuildIndependentTargetsInParallel = 1;
				LastSwiftUpdateCheck = 1410;
				LastUpgradeCheck = 1410;
				TargetAttributes = {
					85F926A329185F8000E19310 = {
						CreatedOnToolsVersion = 14.1;
					};
					85F926B429185F8300E19310 = {
						CreatedOnToolsVersion = 14.1;
						TestTargetID = 85F926A329185F8000E19310;
					};
					85F926BE29185F8300E19310 = {
						CreatedOnToolsVersion = 14.1;
						TestTargetID = 85F926A329185F8000E19310;
					};
				};
			};
			buildConfigurationList = 85F9269F29185F8000E19310 /* Build configuration list for PBXProject "Carbon Crushers" */;
			compatibilityVersion = "Xcode 14.0";
			developmentRegion = en;
			hasScannedForEncodings = 0;
			knownRegions = (
				en,
				Base,
			);
			mainGroup = 85F9269B29185F8000E19310;
			productRefGroup = 85F926A529185F8000E19310 /* Products */;
			projectDirPath = "";
			projectRoot = "";
			targets = (
				85F926A329185F8000E19310 /* Carbon Crushers */,
				85F926B429185F8300E19310 /* Carbon CrushersTests */,
				85F926BE29185F8300E19310 /* Carbon CrushersUITests */,
			);
		};
/* End PBXProject section */

/* Begin PBXResourcesBuildPhase section */
		85F926A229185F8000E19310 /* Resources */ = {
			isa = PBXResourcesBuildPhase;
			buildActionMask = 2147483647;
			files = (
				85F926B029185F8300E19310 /* Preview Assets.xcassets in Resources */,
				85F926E32922ECDD00E19310 /* Images.xcassets in Resources */,
				85F926AC29185F8300E19310 /* Assets.xcassets in Resources */,
				85F926DD2922E26E00E19310 /* home.png in Resources */,
			);
			runOnlyForDeploymentPostprocessing = 0;
		};
		85F926B329185F8300E19310 /* Resources */ = {
			isa = PBXResourcesBuildPhase;
			buildActionMask = 2147483647;
			files = (
			);
			runOnlyForDeploymentPostprocessing = 0;
		};
		85F926BD29185F8300E19310 /* Resources */ = {
			isa = PBXResourcesBuildPhase;
			buildActionMask = 2147483647;
			files = (
			);
			runOnlyForDeploymentPostprocessing = 0;
		};
/* End PBXResourcesBuildPhase section */

/* Begin PBXSourcesBuildPhase section */
		85F926A029185F8000E19310 /* Sources */ = {
			isa = PBXSourcesBuildPhase;
			buildActionMask = 2147483647;
			files = (
				8534C7A6294823AF00DF385F /* Singin.swift in Sources */,
				8526E6D6293692BC007469E8 /* ViewControl.swift in Sources */,
				85F926D929196E5100E19310 /* HomeScreen.swift in Sources */,
				85F926AA29185F8000E19310 /* Login.swift in Sources */,
				85F926DB291BA34500E19310 /* ChartScreen.swift in Sources */,
				85F926E9292432AC00E19310 /* ActivityScreen.swift in Sources */,
				85F926D729196B0D00E19310 /* CreateAccount.swift in Sources */,
				85F926E72922F5D600E19310 /* Logo.swift in Sources */,
				852E76182943B67A00BF7FFA /* user.swift in Sources */,
				85F926A829185F8000E19310 /* Carbon_CrushersApp.swift in Sources */,
				8526E6D8293699E5007469E8 /* UserPage.swift in Sources */,
				8527AA08294051D4008D50E6 /* Leaderboard.swift in Sources */,
			);
			runOnlyForDeploymentPostprocessing = 0;
		};
		85F926B129185F8300E19310 /* Sources */ = {
			isa = PBXSourcesBuildPhase;
			buildActionMask = 2147483647;
			files = (
				85F926BA29185F8300E19310 /* Carbon_CrushersTests.swift in Sources */,
			);
			runOnlyForDeploymentPostprocessing = 0;
		};
		85F926BB29185F8300E19310 /* Sources */ = {
			isa = PBXSourcesBuildPhase;
			buildActionMask = 2147483647;
			files = (
				85F926C629185F8300E19310 /* Carbon_CrushersUITestsLaunchTests.swift in Sources */,
				85F926C429185F8300E19310 /* Carbon_CrushersUITests.swift in Sources */,
			);
			runOnlyForDeploymentPostprocessing = 0;
		};
/* End PBXSourcesBuildPhase section */

/* Begin PBXTargetDependency section */
		85F926B729185F8300E19310 /* PBXTargetDependency */ = {
			isa = PBXTargetDependency;
			target = 85F926A329185F8000E19310 /* Carbon Crushers */;
			targetProxy = 85F926B629185F8300E19310 /* PBXContainerItemProxy */;
		};
		85F926C129185F8300E19310 /* PBXTargetDependency */ = {
			isa = PBXTargetDependency;
			target = 85F926A329185F8000E19310 /* Carbon Crushers */;
			targetProxy = 85F926C029185F8300E19310 /* PBXContainerItemProxy */;
		};
/* End PBXTargetDependency section */

/* Begin XCBuildConfiguration section */
		85F926C729185F8300E19310 /* Debug */ = {
			isa = XCBuildConfiguration;
			buildSettings = {
				ALWAYS_SEARCH_USER_PATHS = NO;
				CLANG_ANALYZER_NONNULL = YES;
				CLANG_ANALYZER_NUMBER_OBJECT_CONVERSION = YES_AGGRESSIVE;
				CLANG_CXX_LANGUAGE_STANDARD = "gnu++20";
				CLANG_ENABLE_MODULES = YES;
				CLANG_ENABLE_OBJC_ARC = YES;
				CLANG_ENABLE_OBJC_WEAK = YES;
				CLANG_WARN_BLOCK_CAPTURE_AUTORELEASING = YES;
				CLANG_WARN_BOOL_CONVERSION = YES;
				CLANG_WARN_COMMA = YES;
				CLANG_WARN_CONSTANT_CONVERSION = YES;
				CLANG_WARN_DEPRECATED_OBJC_IMPLEMENTATIONS = YES;
				CLANG_WARN_DIRECT_OBJC_ISA_USAGE = YES_ERROR;
				CLANG_WARN_DOCUMENTATION_COMMENTS = YES;
				CLANG_WARN_EMPTY_BODY = YES;
				CLANG_WARN_ENUM_CONVERSION = YES;
				CLANG_WARN_INFINITE_RECURSION = YES;
				CLANG_WARN_INT_CONVERSION = YES;
				CLANG_WARN_NON_LITERAL_NULL_CONVERSION = YES;
				CLANG_WARN_OBJC_IMPLICIT_RETAIN_SELF = YES;
				CLANG_WARN_OBJC_LITERAL_CONVERSION = YES;
				CLANG_WARN_OBJC_ROOT_CLASS = YES_ERROR;
				CLANG_WARN_QUOTED_INCLUDE_IN_FRAMEWORK_HEADER = YES;
				CLANG_WARN_RANGE_LOOP_ANALYSIS = YES;
				CLANG_WARN_STRICT_PROTOTYPES = YES;
				CLANG_WARN_SUSPICIOUS_MOVE = YES;
				CLANG_WARN_UNGUARDED_AVAILABILITY = YES_AGGRESSIVE;
				CLANG_WARN_UNREACHABLE_CODE = YES;
				CLANG_WARN__DUPLICATE_METHOD_MATCH = YES;
				COPY_PHASE_STRIP = NO;
				DEBUG_INFORMATION_FORMAT = dwarf;
				ENABLE_STRICT_OBJC_MSGSEND = YES;
				ENABLE_TESTABILITY = YES;
				GCC_C_LANGUAGE_STANDARD = gnu11;
				GCC_DYNAMIC_NO_PIC = NO;
				GCC_NO_COMMON_BLOCKS = YES;
				GCC_OPTIMIZATION_LEVEL = 0;
				GCC_PREPROCESSOR_DEFINITIONS = (
					"DEBUG=1",
					"$(inherited)",
				);
				GCC_WARN_64_TO_32_BIT_CONVERSION = YES;
				GCC_WARN_ABOUT_RETURN_TYPE = YES_ERROR;
				GCC_WARN_UNDECLARED_SELECTOR = YES;
				GCC_WARN_UNINITIALIZED_AUTOS = YES_AGGRESSIVE;
				GCC_WARN_UNUSED_FUNCTION = YES;
				GCC_WARN_UNUSED_VARIABLE = YES;
				MTL_ENABLE_DEBUG_INFO = INCLUDE_SOURCE;
				MTL_FAST_MATH = YES;
				ONLY_ACTIVE_ARCH = YES;
				SWIFT_ACTIVE_COMPILATION_CONDITIONS = DEBUG;
				SWIFT_OPTIMIZATION_LEVEL = "-Onone";
			};
			name = Debug;
		};
		85F926C829185F8300E19310 /* Release */ = {
			isa = XCBuildConfiguration;
			buildSettings = {
				ALWAYS_SEARCH_USER_PATHS = NO;
				CLANG_ANALYZER_NONNULL = YES;
				CLANG_ANALYZER_NUMBER_OBJECT_CONVERSION = YES_AGGRESSIVE;
				CLANG_CXX_LANGUAGE_STANDARD = "gnu++20";
				CLANG_ENABLE_MODULES = YES;
				CLANG_ENABLE_OBJC_ARC = YES;
				CLANG_ENABLE_OBJC_WEAK = YES;
				CLANG_WARN_BLOCK_CAPTURE_AUTORELEASING = YES;
				CLANG_WARN_BOOL_CONVERSION = YES;
				CLANG_WARN_COMMA = YES;
				CLANG_WARN_CONSTANT_CONVERSION = YES;
				CLANG_WARN_DEPRECATED_OBJC_IMPLEMENTATIONS = YES;
				CLANG_WARN_DIRECT_OBJC_ISA_USAGE = YES_ERROR;
				CLANG_WARN_DOCUMENTATION_COMMENTS = YES;
				CLANG_WARN_EMPTY_BODY = YES;
				CLANG_WARN_ENUM_CONVERSION = YES;
				CLANG_WARN_INFINITE_RECURSION = YES;
				CLANG_WARN_INT_CONVERSION = YES;
				CLANG_WARN_NON_LITERAL_NULL_CONVERSION = YES;
				CLANG_WARN_OBJC_IMPLICIT_RETAIN_SELF = YES;
				CLANG_WARN_OBJC_LITERAL_CONVERSION = YES;
				CLANG_WARN_OBJC_ROOT_CLASS = YES_ERROR;
				CLANG_WARN_QUOTED_INCLUDE_IN_FRAMEWORK_HEADER = YES;
				CLANG_WARN_RANGE_LOOP_ANALYSIS = YES;
				CLANG_WARN_STRICT_PROTOTYPES = YES;
				CLANG_WARN_SUSPICIOUS_MOVE = YES;
				CLANG_WARN_UNGUARDED_AVAILABILITY = YES_AGGRESSIVE;
				CLANG_WARN_UNREACHABLE_CODE = YES;
				CLANG_WARN__DUPLICATE_METHOD_MATCH = YES;
				COPY_PHASE_STRIP = NO;
				DEBUG_INFORMATION_FORMAT = "dwarf-with-dsym";
				ENABLE_NS_ASSERTIONS = NO;
				ENABLE_STRICT_OBJC_MSGSEND = YES;
				GCC_C_LANGUAGE_STANDARD = gnu11;
				GCC_NO_COMMON_BLOCKS = YES;
				GCC_WARN_64_TO_32_BIT_CONVERSION = YES;
				GCC_WARN_ABOUT_RETURN_TYPE = YES_ERROR;
				GCC_WARN_UNDECLARED_SELECTOR = YES;
				GCC_WARN_UNINITIALIZED_AUTOS = YES_AGGRESSIVE;
				GCC_WARN_UNUSED_FUNCTION = YES;
				GCC_WARN_UNUSED_VARIABLE = YES;
				MTL_ENABLE_DEBUG_INFO = NO;
				MTL_FAST_MATH = YES;
				SWIFT_COMPILATION_MODE = wholemodule;
				SWIFT_OPTIMIZATION_LEVEL = "-O";
			};
			name = Release;
		};
		85F926CA29185F8300E19310 /* Debug */ = {
			isa = XCBuildConfiguration;
			buildSettings = {
				ASSETCATALOG_COMPILER_APPICON_NAME = AppIcon;
				ASSETCATALOG_COMPILER_GLOBAL_ACCENT_COLOR_NAME = AccentColor;
				CODE_SIGN_ENTITLEMENTS = "Carbon Crushers/Carbon_Crushers.entitlements";
				CODE_SIGN_STYLE = Automatic;
				CURRENT_PROJECT_VERSION = 1;
				DEVELOPMENT_ASSET_PATHS = "\"Carbon Crushers/Preview Content\"";
				ENABLE_PREVIEWS = YES;
				GENERATE_INFOPLIST_FILE = YES;
				"INFOPLIST_KEY_UIApplicationSceneManifest_Generation[sdk=iphoneos*]" = YES;
				"INFOPLIST_KEY_UIApplicationSceneManifest_Generation[sdk=iphonesimulator*]" = YES;
				"INFOPLIST_KEY_UIApplicationSupportsIndirectInputEvents[sdk=iphoneos*]" = YES;
				"INFOPLIST_KEY_UIApplicationSupportsIndirectInputEvents[sdk=iphonesimulator*]" = YES;
				"INFOPLIST_KEY_UILaunchScreen_Generation[sdk=iphoneos*]" = YES;
				"INFOPLIST_KEY_UILaunchScreen_Generation[sdk=iphonesimulator*]" = YES;
				"INFOPLIST_KEY_UIStatusBarStyle[sdk=iphoneos*]" = UIStatusBarStyleDefault;
				"INFOPLIST_KEY_UIStatusBarStyle[sdk=iphonesimulator*]" = UIStatusBarStyleDefault;
				INFOPLIST_KEY_UISupportedInterfaceOrientations_iPad = "UIInterfaceOrientationPortrait UIInterfaceOrientationPortraitUpsideDown UIInterfaceOrientationLandscapeLeft UIInterfaceOrientationLandscapeRight";
				INFOPLIST_KEY_UISupportedInterfaceOrientations_iPhone = "UIInterfaceOrientationPortrait UIInterfaceOrientationLandscapeLeft UIInterfaceOrientationLandscapeRight";
				IPHONEOS_DEPLOYMENT_TARGET = 16.1;
				LD_RUNPATH_SEARCH_PATHS = "@executable_path/Frameworks";
				"LD_RUNPATH_SEARCH_PATHS[sdk=macosx*]" = "@executable_path/../Frameworks";
				MACOSX_DEPLOYMENT_TARGET = 13.0;
				MARKETING_VERSION = 1.0;
				PRODUCT_BUNDLE_IDENTIFIER = "NYU.Carbon-Crushers";
				PRODUCT_NAME = "$(TARGET_NAME)";
				SDKROOT = auto;
				SUPPORTED_PLATFORMS = "iphoneos iphonesimulator macosx";
				SWIFT_EMIT_LOC_STRINGS = YES;
				SWIFT_VERSION = 5.0;
				TARGETED_DEVICE_FAMILY = "1,2";
			};
			name = Debug;
		};
		85F926CB29185F8300E19310 /* Release */ = {
			isa = XCBuildConfiguration;
			buildSettings = {
				ASSETCATALOG_COMPILER_APPICON_NAME = AppIcon;
				ASSETCATALOG_COMPILER_GLOBAL_ACCENT_COLOR_NAME = AccentColor;
				CODE_SIGN_ENTITLEMENTS = "Carbon Crushers/Carbon_Crushers.entitlements";
				CODE_SIGN_STYLE = Automatic;
				CURRENT_PROJECT_VERSION = 1;
				DEVELOPMENT_ASSET_PATHS = "\"Carbon Crushers/Preview Content\"";
				ENABLE_PREVIEWS = YES;
				GENERATE_INFOPLIST_FILE = YES;
				"INFOPLIST_KEY_UIApplicationSceneManifest_Generation[sdk=iphoneos*]" = YES;
				"INFOPLIST_KEY_UIApplicationSceneManifest_Generation[sdk=iphonesimulator*]" = YES;
				"INFOPLIST_KEY_UIApplicationSupportsIndirectInputEvents[sdk=iphoneos*]" = YES;
				"INFOPLIST_KEY_UIApplicationSupportsIndirectInputEvents[sdk=iphonesimulator*]" = YES;
				"INFOPLIST_KEY_UILaunchScreen_Generation[sdk=iphoneos*]" = YES;
				"INFOPLIST_KEY_UILaunchScreen_Generation[sdk=iphonesimulator*]" = YES;
				"INFOPLIST_KEY_UIStatusBarStyle[sdk=iphoneos*]" = UIStatusBarStyleDefault;
				"INFOPLIST_KEY_UIStatusBarStyle[sdk=iphonesimulator*]" = UIStatusBarStyleDefault;
				INFOPLIST_KEY_UISupportedInterfaceOrientations_iPad = "UIInterfaceOrientationPortrait UIInterfaceOrientationPortraitUpsideDown UIInterfaceOrientationLandscapeLeft UIInterfaceOrientationLandscapeRight";
				INFOPLIST_KEY_UISupportedInterfaceOrientations_iPhone = "UIInterfaceOrientationPortrait UIInterfaceOrientationLandscapeLeft UIInterfaceOrientationLandscapeRight";
				IPHONEOS_DEPLOYMENT_TARGET = 16.1;
				LD_RUNPATH_SEARCH_PATHS = "@executable_path/Frameworks";
				"LD_RUNPATH_SEARCH_PATHS[sdk=macosx*]" = "@executable_path/../Frameworks";
				MACOSX_DEPLOYMENT_TARGET = 13.0;
				MARKETING_VERSION = 1.0;
				PRODUCT_BUNDLE_IDENTIFIER = "NYU.Carbon-Crushers";
				PRODUCT_NAME = "$(TARGET_NAME)";
				SDKROOT = auto;
				SUPPORTED_PLATFORMS = "iphoneos iphonesimulator macosx";
				SWIFT_EMIT_LOC_STRINGS = YES;
				SWIFT_VERSION = 5.0;
				TARGETED_DEVICE_FAMILY = "1,2";
			};
			name = Release;
		};
		85F926CD29185F8300E19310 /* Debug */ = {
			isa = XCBuildConfiguration;
			buildSettings = {
				ALWAYS_EMBED_SWIFT_STANDARD_LIBRARIES = YES;
				BUNDLE_LOADER = "$(TEST_HOST)";
				CODE_SIGN_STYLE = Automatic;
				CURRENT_PROJECT_VERSION = 1;
				GENERATE_INFOPLIST_FILE = YES;
				IPHONEOS_DEPLOYMENT_TARGET = 16.1;
				MACOSX_DEPLOYMENT_TARGET = 13.0;
				MARKETING_VERSION = 1.0;
				PRODUCT_BUNDLE_IDENTIFIER = "NYU.Carbon-CrushersTests";
				PRODUCT_NAME = "$(TARGET_NAME)";
				SDKROOT = auto;
				SUPPORTED_PLATFORMS = "iphoneos iphonesimulator macosx";
				SWIFT_EMIT_LOC_STRINGS = NO;
				SWIFT_VERSION = 5.0;
				TARGETED_DEVICE_FAMILY = "1,2";
				TEST_HOST = "$(BUILT_PRODUCTS_DIR)/Carbon Crushers.app/$(BUNDLE_EXECUTABLE_FOLDER_PATH)/Carbon Crushers";
			};
			name = Debug;
		};
		85F926CE29185F8300E19310 /* Release */ = {
			isa = XCBuildConfiguration;
			buildSettings = {
				ALWAYS_EMBED_SWIFT_STANDARD_LIBRARIES = YES;
				BUNDLE_LOADER = "$(TEST_HOST)";
				CODE_SIGN_STYLE = Automatic;
				CURRENT_PROJECT_VERSION = 1;
				GENERATE_INFOPLIST_FILE = YES;
				IPHONEOS_DEPLOYMENT_TARGET = 16.1;
				MACOSX_DEPLOYMENT_TARGET = 13.0;
				MARKETING_VERSION = 1.0;
				PRODUCT_BUNDLE_IDENTIFIER = "NYU.Carbon-CrushersTests";
				PRODUCT_NAME = "$(TARGET_NAME)";
				SDKROOT = auto;
				SUPPORTED_PLATFORMS = "iphoneos iphonesimulator macosx";
				SWIFT_EMIT_LOC_STRINGS = NO;
				SWIFT_VERSION = 5.0;
				TARGETED_DEVICE_FAMILY = "1,2";
				TEST_HOST = "$(BUILT_PRODUCTS_DIR)/Carbon Crushers.app/$(BUNDLE_EXECUTABLE_FOLDER_PATH)/Carbon Crushers";
			};
			name = Release;
		};
		85F926D029185F8300E19310 /* Debug */ = {
			isa = XCBuildConfiguration;
			buildSettings = {
				ALWAYS_EMBED_SWIFT_STANDARD_LIBRARIES = YES;
				CODE_SIGN_STYLE = Automatic;
				CURRENT_PROJECT_VERSION = 1;
				GENERATE_INFOPLIST_FILE = YES;
				IPHONEOS_DEPLOYMENT_TARGET = 16.1;
				MACOSX_DEPLOYMENT_TARGET = 13.0;
				MARKETING_VERSION = 1.0;
				PRODUCT_BUNDLE_IDENTIFIER = "NYU.Carbon-CrushersUITests";
				PRODUCT_NAME = "$(TARGET_NAME)";
				SDKROOT = auto;
				SUPPORTED_PLATFORMS = "iphoneos iphonesimulator macosx";
				SWIFT_EMIT_LOC_STRINGS = NO;
				SWIFT_VERSION = 5.0;
				TARGETED_DEVICE_FAMILY = "1,2";
				TEST_TARGET_NAME = "Carbon Crushers";
			};
			name = Debug;
		};
		85F926D129185F8300E19310 /* Release */ = {
			isa = XCBuildConfiguration;
			buildSettings = {
				ALWAYS_EMBED_SWIFT_STANDARD_LIBRARIES = YES;
				CODE_SIGN_STYLE = Automatic;
				CURRENT_PROJECT_VERSION = 1;
				GENERATE_INFOPLIST_FILE = YES;
				IPHONEOS_DEPLOYMENT_TARGET = 16.1;
				MACOSX_DEPLOYMENT_TARGET = 13.0;
				MARKETING_VERSION = 1.0;
				PRODUCT_BUNDLE_IDENTIFIER = "NYU.Carbon-CrushersUITests";
				PRODUCT_NAME = "$(TARGET_NAME)";
				SDKROOT = auto;
				SUPPORTED_PLATFORMS = "iphoneos iphonesimulator macosx";
				SWIFT_EMIT_LOC_STRINGS = NO;
				SWIFT_VERSION = 5.0;
				TARGETED_DEVICE_FAMILY = "1,2";
				TEST_TARGET_NAME = "Carbon Crushers";
			};
			name = Release;
		};
/* End XCBuildConfiguration section */

/* Begin XCConfigurationList section */
		85F9269F29185F8000E19310 /* Build configuration list for PBXProject "Carbon Crushers" */ = {
			isa = XCConfigurationList;
			buildConfigurations = (
				85F926C729185F8300E19310 /* Debug */,
				85F926C829185F8300E19310 /* Release */,
			);
			defaultConfigurationIsVisible = 0;
			defaultConfigurationName = Release;
		};
		85F926C929185F8300E19310 /* Build configuration list for PBXNativeTarget "Carbon Crushers" */ = {
			isa = XCConfigurationList;
			buildConfigurations = (
				85F926CA29185F8300E19310 /* Debug */,
				85F926CB29185F8300E19310 /* Release */,
			);
			defaultConfigurationIsVisible = 0;
			defaultConfigurationName = Release;
		};
		85F926CC29185F8300E19310 /* Build configuration list for PBXNativeTarget "Carbon CrushersTests" */ = {
			isa = XCConfigurationList;
			buildConfigurations = (
				85F926CD29185F8300E19310 /* Debug */,
				85F926CE29185F8300E19310 /* Release */,
			);
			defaultConfigurationIsVisible = 0;
			defaultConfigurationName = Release;
		};
		85F926CF29185F8300E19310 /* Build configuration list for PBXNativeTarget "Carbon CrushersUITests" */ = {
			isa = XCConfigurationList;
			buildConfigurations = (
				85F926D029185F8300E19310 /* Debug */,
				85F926D129185F8300E19310 /* Release */,
			);
			defaultConfigurationIsVisible = 0;
			defaultConfigurationName = Release;
		};
/* End XCConfigurationList section */
	};
	rootObject = 85F9269C29185F8000E19310 /* Project object */;
}
